<?xml version="1.0" encoding="utf-8"?>
<Project ToolsVersion="4.0" xmlns="http://schemas.microsoft.com/developer/msbuild/2003">
  <ItemGroup>
    <Filter Include="Source Files">
      <UniqueIdentifier>{4FC737F1-C7A5-4376-A066-2A32D752A2FF}</UniqueIdentifier>
      <Extensions>cpp;c;cc;cxx;def;odl;idl;hpj;bat;asm;asmx</Extensions>
    </Filter>
    <Filter Include="Header Files">
      <UniqueIdentifier>{93995380-89BD-4b04-88EB-625FBE52EBFB}</UniqueIdentifier>
      <Extensions>h;hpp;hxx;hm;inl;inc;xsd</Extensions>
    </Filter>
    <Filter Include="Resource Files">
      <UniqueIdentifier>{67DA6AB6-F800-4c08-8B7A-83BB121AAD01}</UniqueIdentifier>
      <Extensions>rc;ico;cur;bmp;dlg;rc2;rct;bin;rgs;gif;jpg;jpeg;jpe;resx;tiff;tif;png;wav</Extensions>
    </Filter>
  </ItemGroup>
  <ItemGroup>
    <ClCompile Include="cpu\3dnow.cpp">
      <Filter>Source Files</Filter>
    </ClCompile>
    <ClCompile Include="cpu\access.cpp">
      <Filter>Source Files</Filter>
    </ClCompile>
    <ClCompile Include="cpu\access32.cpp">
      <Filter>Source Files</Filter>
    </ClCompile>
    <ClCompile Include="cpu\access64.cpp">
      <Filter>Source Files</Filter>
    </ClCompile>
    <ClCompile Include="cpu\aes.cpp">
      <Filter>Source Files</Filter>
    </ClCompile>
    <ClCompile Include="cpu\apic.cpp">
      <Filter>Source Files</Filter>
    </ClCompile>
    <ClCompile Include="cpu\arith16.cpp">
      <Filter>Source Files</Filter>
    </ClCompile>
    <ClCompile Include="cpu\arith32.cpp">
      <Filter>Source Files</Filter>
    </ClCompile>
    <ClCompile Include="cpu\arith64.cpp">
      <Filter>Source Files</Filter>
    </ClCompile>
    <ClCompile Include="cpu\arith8.cpp">
      <Filter>Source Files</Filter>
    </ClCompile>
    <ClCompile Include="cpu\bcd.cpp">
      <Filter>Source Files</Filter>
    </ClCompile>
    <ClCompile Include="cpu\bit.cpp">
      <Filter>Source Files</Filter>
    </ClCompile>
    <ClCompile Include="cpu\bit16.cpp">
      <Filter>Source Files</Filter>
    </ClCompile>
    <ClCompile Include="cpu\bit32.cpp">
      <Filter>Source Files</Filter>
    </ClCompile>
    <ClCompile Include="cpu\bit64.cpp">
      <Filter>Source Files</Filter>
    </ClCompile>
    <ClCompile Include="bochs_test.cpp">
      <Filter>Source Files</Filter>
    </ClCompile>
    <ClCompile Include="cpu\call_far.cpp">
      <Filter>Source Files</Filter>
    </ClCompile>
    <ClCompile Include="config.cpp">
      <Filter>Source Files</Filter>
    </ClCompile>
    <ClCompile Include="cpu\cpu.cpp">
      <Filter>Source Files</Filter>
    </ClCompile>
    <ClCompile Include="cpu\cpuid.cpp">
      <Filter>Source Files</Filter>
    </ClCompile>
    <ClCompile Include="cpu\crc32.cpp">
      <Filter>Source Files</Filter>
    </ClCompile>
    <ClCompile Include="cpu\crregs.cpp">
      <Filter>Source Files</Filter>
    </ClCompile>
    <ClCompile Include="cpu\ctrl_xfer16.cpp">
      <Filter>Source Files</Filter>
    </ClCompile>
    <ClCompile Include="cpu\ctrl_xfer32.cpp">
      <Filter>Source Files</Filter>
    </ClCompile>
    <ClCompile Include="cpu\ctrl_xfer64.cpp">
      <Filter>Source Files</Filter>
    </ClCompile>
    <ClCompile Include="cpu\ctrl_xfer_pro.cpp">
      <Filter>Source Files</Filter>
    </ClCompile>
    <ClCompile Include="cpu\data_xfer16.cpp">
      <Filter>Source Files</Filter>
    </ClCompile>
    <ClCompile Include="cpu\data_xfer32.cpp">
      <Filter>Source Files</Filter>
    </ClCompile>
    <ClCompile Include="cpu\data_xfer64.cpp">
      <Filter>Source Files</Filter>
    </ClCompile>
    <ClCompile Include="cpu\data_xfer8.cpp">
      <Filter>Source Files</Filter>
    </ClCompile>
    <ClCompile Include="cpu\debugstuff.cpp">
      <Filter>Source Files</Filter>
    </ClCompile>
    <ClCompile Include="disasm\dis_decode.cpp">
      <Filter>Source Files</Filter>
    </ClCompile>
    <ClCompile Include="disasm\dis_groups.cpp">
      <Filter>Source Files</Filter>
    </ClCompile>
    <ClCompile Include="dllmain.cpp">
      <Filter>Source Files</Filter>
    </ClCompile>
    <ClCompile Include="cpu\exception.cpp">
      <Filter>Source Files</Filter>
    </ClCompile>
    <ClCompile Include="fpu\f2xm1.cpp">
      <Filter>Source Files</Filter>
    </ClCompile>
    <ClCompile Include="fpu\ferr.cpp">
      <Filter>Source Files</Filter>
    </ClCompile>
    <ClCompile Include="cpu\fetchdecode.cpp">
      <Filter>Source Files</Filter>
    </ClCompile>
    <ClCompile Include="cpu\fetchdecode64.cpp">
      <Filter>Source Files</Filter>
    </ClCompile>
    <ClCompile Include="cpu\flag_ctrl.cpp">
      <Filter>Source Files</Filter>
    </ClCompile>
    <ClCompile Include="cpu\flag_ctrl_pro.cpp">
      <Filter>Source Files</Filter>
    </ClCompile>
    <ClCompile Include="fpu\fpatan.cpp">
      <Filter>Source Files</Filter>
    </ClCompile>
    <ClCompile Include="fpu\fprem.cpp">
      <Filter>Source Files</Filter>
    </ClCompile>
    <ClCompile Include="fpu\fpu.cpp">
      <Filter>Source Files</Filter>
    </ClCompile>
    <ClCompile Include="fpu\fpu_arith.cpp">
      <Filter>Source Files</Filter>
    </ClCompile>
    <ClCompile Include="fpu\fpu_compare.cpp">
      <Filter>Source Files</Filter>
    </ClCompile>
    <ClCompile Include="fpu\fpu_const.cpp">
      <Filter>Source Files</Filter>
    </ClCompile>
    <ClCompile Include="cpu\fpu_emu.cpp">
      <Filter>Source Files</Filter>
    </ClCompile>
    <ClCompile Include="fpu\fpu_load_store.cpp">
      <Filter>Source Files</Filter>
    </ClCompile>
    <ClCompile Include="fpu\fpu_misc.cpp">
      <Filter>Source Files</Filter>
    </ClCompile>
    <ClCompile Include="fpu\fpu_tags.cpp">
      <Filter>Source Files</Filter>
    </ClCompile>
    <ClCompile Include="fpu\fpu_trans.cpp">
      <Filter>Source Files</Filter>
    </ClCompile>
    <ClCompile Include="fpu\fsincos.cpp">
      <Filter>Source Files</Filter>
    </ClCompile>
    <ClCompile Include="fpu\fyl2x.cpp">
      <Filter>Source Files</Filter>
    </ClCompile>
    <ClCompile Include="cpu\icache.cpp">
      <Filter>Source Files</Filter>
    </ClCompile>
    <ClCompile Include="cpu\init.cpp">
      <Filter>Source Files</Filter>
    </ClCompile>
    <ClCompile Include="cpu\io.cpp">
      <Filter>Source Files</Filter>
    </ClCompile>
    <ClCompile Include="cpu\iret.cpp">
      <Filter>Source Files</Filter>
    </ClCompile>
    <ClCompile Include="cpu\jmp_far.cpp">
      <Filter>Source Files</Filter>
    </ClCompile>
    <ClCompile Include="cpu\lazy_flags.cpp">
      <Filter>Source Files</Filter>
    </ClCompile>
    <ClCompile Include="cpu\load.cpp">
      <Filter>Source Files</Filter>
    </ClCompile>
    <ClCompile Include="cpu\logical16.cpp">
      <Filter>Source Files</Filter>
    </ClCompile>
    <ClCompile Include="cpu\logical32.cpp">
      <Filter>Source Files</Filter>
    </ClCompile>
    <ClCompile Include="cpu\logical64.cpp">
      <Filter>Source Files</Filter>
    </ClCompile>
    <ClCompile Include="cpu\logical8.cpp">
      <Filter>Source Files</Filter>
    </ClCompile>
    <ClCompile Include="logio.cpp">
      <Filter>Source Files</Filter>
    </ClCompile>
    <ClCompile Include="cpu\mmx.cpp">
      <Filter>Source Files</Filter>
    </ClCompile>
    <ClCompile Include="cpu\msr.cpp">
      <Filter>Source Files</Filter>
    </ClCompile>
    <ClCompile Include="cpu\mult16.cpp">
      <Filter>Source Files</Filter>
    </ClCompile>
    <ClCompile Include="cpu\mult32.cpp">
      <Filter>Source Files</Filter>
    </ClCompile>
    <ClCompile Include="cpu\mult64.cpp">
      <Filter>Source Files</Filter>
    </ClCompile>
    <ClCompile Include="cpu\mult8.cpp">
      <Filter>Source Files</Filter>
    </ClCompile>
    <ClCompile Include="cpu\paging.cpp">
      <Filter>Source Files</Filter>
    </ClCompile>
    <ClCompile Include="gui\paramtree.cpp">
      <Filter>Source Files</Filter>
    </ClCompile>
    <ClCompile Include="pc_system.cpp">
      <Filter>Source Files</Filter>
    </ClCompile>
    <ClCompile Include="fpu\poly.cpp">
      <Filter>Source Files</Filter>
    </ClCompile>
    <ClCompile Include="cpu\proc_ctrl.cpp">
      <Filter>Source Files</Filter>
    </ClCompile>
    <ClCompile Include="cpu\protect_ctrl.cpp">
      <Filter>Source Files</Filter>
    </ClCompile>
    <ClCompile Include="disasm\resolve.cpp">
      <Filter>Source Files</Filter>
    </ClCompile>
    <ClCompile Include="cpu\resolver.cpp">
      <Filter>Source Files</Filter>
    </ClCompile>
    <ClCompile Include="cpu\ret_far.cpp">
      <Filter>Source Files</Filter>
    </ClCompile>
    <ClCompile Include="cpu\segment_ctrl.cpp">
      <Filter>Source Files</Filter>
    </ClCompile>
    <ClCompile Include="cpu\segment_ctrl_pro.cpp">
      <Filter>Source Files</Filter>
    </ClCompile>
    <ClCompile Include="cpu\shift16.cpp">
      <Filter>Source Files</Filter>
    </ClCompile>
    <ClCompile Include="cpu\shift32.cpp">
      <Filter>Source Files</Filter>
    </ClCompile>
    <ClCompile Include="cpu\shift64.cpp">
      <Filter>Source Files</Filter>
    </ClCompile>
    <ClCompile Include="cpu\shift8.cpp">
      <Filter>Source Files</Filter>
    </ClCompile>
    <ClCompile Include="gui\siminterface.cpp">
      <Filter>Source Files</Filter>
    </ClCompile>
    <ClCompile Include="cpu\smm.cpp">
      <Filter>Source Files</Filter>
    </ClCompile>
    <ClCompile Include="cpu\soft_int.cpp">
      <Filter>Source Files</Filter>
    </ClCompile>
    <ClCompile Include="fpu\softfloat-round-pack.cpp">
      <Filter>Source Files</Filter>
    </ClCompile>
    <ClCompile Include="fpu\softfloat-specialize.cpp">
      <Filter>Source Files</Filter>
    </ClCompile>
    <ClCompile Include="fpu\softfloat.cpp">
      <Filter>Source Files</Filter>
    </ClCompile>
    <ClCompile Include="fpu\softfloatx80.cpp">
      <Filter>Source Files</Filter>
    </ClCompile>
    <ClCompile Include="cpu\sse.cpp">
      <Filter>Source Files</Filter>
    </ClCompile>
    <ClCompile Include="cpu\sse_move.cpp">
      <Filter>Source Files</Filter>
    </ClCompile>
    <ClCompile Include="cpu\sse_pfp.cpp">
      <Filter>Source Files</Filter>
    </ClCompile>
    <ClCompile Include="cpu\sse_rcp.cpp">
      <Filter>Source Files</Filter>
    </ClCompile>
    <ClCompile Include="cpu\sse_string.cpp">
      <Filter>Source Files</Filter>
    </ClCompile>
    <ClCompile Include="cpu\stack16.cpp">
      <Filter>Source Files</Filter>
    </ClCompile>
    <ClCompile Include="cpu\stack32.cpp">
      <Filter>Source Files</Filter>
    </ClCompile>
    <ClCompile Include="cpu\stack64.cpp">
      <Filter>Source Files</Filter>
    </ClCompile>
    <ClCompile Include="stdafx.cpp">
      <Filter>Source Files</Filter>
    </ClCompile>
    <ClCompile Include="cpu\string.cpp">
      <Filter>Source Files</Filter>
    </ClCompile>
    <ClCompile Include="disasm\syntax.cpp">
      <Filter>Source Files</Filter>
    </ClCompile>
    <ClCompile Include="cpu\tasking.cpp">
      <Filter>Source Files</Filter>
    </ClCompile>
    <ClCompile Include="gui\textconfig.cpp">
      <Filter>Source Files</Filter>
    </ClCompile>
    <ClCompile Include="cpu\vm8086.cpp">
      <Filter>Source Files</Filter>
    </ClCompile>
    <ClCompile Include="cpu\vmcs.cpp">
      <Filter>Source Files</Filter>
    </ClCompile>
    <ClCompile Include="cpu\vmexit.cpp">
      <Filter>Source Files</Filter>
    </ClCompile>
    <ClCompile Include="cpu\vmx.cpp">
      <Filter>Source Files</Filter>
    </ClCompile>
    <ClCompile Include="cpu\xsave.cpp">
      <Filter>Source Files</Filter>
    </ClCompile>
    <ClCompile Include="interlock.cpp">
      <Filter>Source Files</Filter>
    </ClCompile>
  </ItemGroup>
  <ItemGroup>
    <ClInclude Include="cpu\apic.h">
      <Filter>Source Files</Filter>
    </ClInclude>
    <ClInclude Include="fpu\control_w.h">
      <Filter>Source Files</Filter>
    </ClInclude>
    <ClInclude Include="cpu\cpu.h">
      <Filter>Source Files</Filter>
    </ClInclude>
    <ClInclude Include="cpu\crregs.h">
      <Filter>Source Files</Filter>
    </ClInclude>
    <ClInclude Include="cpu\descriptor.h">
      <Filter>Source Files</Filter>
    </ClInclude>
    <ClInclude Include="disasm\dis_tables.h">
      <Filter>Source Files</Filter>
    </ClInclude>
    <ClInclude Include="disasm\disasm.h">
      <Filter>Source Files</Filter>
    </ClInclude>
    <ClInclude Include="cpu\fetchdecode.h">
      <Filter>Source Files</Filter>
    </ClInclude>
    <ClInclude Include="cpu\fetchdecode_sse.h">
      <Filter>Source Files</Filter>
    </ClInclude>
    <ClInclude Include="cpu\fetchdecode_x87.h">
      <Filter>Source Files</Filter>
    </ClInclude>
    <ClInclude Include="fpu\fpu_constant.h">
      <Filter>Source Files</Filter>
    </ClInclude>
    <ClInclude Include="cpu\i387.h">
      <Filter>Source Files</Filter>
    </ClInclude>
    <ClInclude Include="cpu\ia_opcodes.h">
      <Filter>Source Files</Filter>
    </ClInclude>
    <ClInclude Include="cpu\icache.h">
      <Filter>Source Files</Filter>
    </ClInclude>
    <ClInclude Include="cpu\instr.h">
      <Filter>Source Files</Filter>
    </ClInclude>
    <ClInclude Include="cpu\lazy_flags.h">
      <Filter>Source Files</Filter>
    </ClInclude>
    <ClInclude Include="cpu\model_specific.h">
      <Filter>Source Files</Filter>
    </ClInclude>
    <ClInclude Include="cpu\smm.h">
      <Filter>Source Files</Filter>
    </ClInclude>
    <ClInclude Include="fpu\softfloat-compare.h">
      <Filter>Source Files</Filter>
    </ClInclude>
    <ClInclude Include="fpu\softfloat-macros.h">
      <Filter>Source Files</Filter>
    </ClInclude>
    <ClInclude Include="fpu\softfloat-round-pack.h">
      <Filter>Source Files</Filter>
    </ClInclude>
    <ClInclude Include="fpu\softfloat-specialize.h">
      <Filter>Source Files</Filter>
    </ClInclude>
    <ClInclude Include="fpu\softfloat.h">
      <Filter>Source Files</Filter>
    </ClInclude>
    <ClInclude Include="fpu\softfloatx80.h">
      <Filter>Source Files</Filter>
    </ClInclude>
    <ClInclude Include="cpu\stack.h">
      <Filter>Source Files</Filter>
    </ClInclude>
    <ClInclude Include="fpu\status_w.h">
      <Filter>Source Files</Filter>
    </ClInclude>
    <ClInclude Include="fpu\tag_w.h">
      <Filter>Source Files</Filter>
    </ClInclude>
    <ClInclude Include="cpu\vmx.h">
      <Filter>Source Files</Filter>
    </ClInclude>
    <ClInclude Include="cpu\xmm.h">
      <Filter>Source Files</Filter>
    </ClInclude>
    <ClInclude Include="stdafx.h">
      <Filter>Header Files</Filter>
    </ClInclude>
    <ClInclude Include="targetver.h">
      <Filter>Header Files</Filter>
    </ClInclude>
  </ItemGroup>
  <ItemGroup>
    <None Include="disasm\dis_tables.inc">
      <Filter>Source Files</Filter>
    </None>
    <None Include="disasm\dis_tables_sse.inc">
      <Filter>Source Files</Filter>
    </None>
    <None Include="disasm\dis_tables_x87.inc">
      <Filter>Source Files</Filter>
    </None>
    <None Include="disasm\opcodes.inc">
      <Filter>Source Files</Filter>
    </None>
    <None Include="fpu\todo">
      <Filter>Source Files</Filter>
    </None>
    <None Include="cpu\todo">
      <Filter>Source Files</Filter>
    </None>
  </ItemGroup>
  <ItemGroup>
    <Text Include="ReadMe.txt" />
  </ItemGroup>
</Project>